# This file is automatically @generated by Cargo.
# It is not intended for manual editing.
version = 4

[[package]]
name = "alloc_signature_mismatch"
version = "0.1.0"
dependencies = [
 "mini-alloc",
]

[[package]]
name = "cfg-if"
version = "1.0.4"
source = "registry+https://github.com/rust-lang/crates.io-index"
checksum = "9330f8b2ff13f34540b44e946ef35111825727b38d33286ef986142615121801"

[[package]]
name = "mini-alloc"
version = "1.0.0"
source = "registry+https://github.com/rust-lang/crates.io-index"
checksum = "b620761d4c29ede39bb1351c4360dba54d3b414d9fb460d37cba4c98b37a0b9d"
dependencies = [
 "cfg-if",
]
